
Microsoft Visual Studio Solution File, Format Version 11.00
# Visual Studio 2010
Project("{FAE04EC0-301F-11D3-BF4B-00C04F79EFBC}") = "ProfileAPI", "ProfileAPI\ProfileAPI.csproj", "{0F8E7C46-8359-4879-A897-00BE1C009D3D}"
EndProject
Global
	GlobalSection(SolutionConfigurationPlatforms) = preSolution
		Debug|Any CPU = Debug|Any CPU
		Release|Any CPU = Release|Any CPU
	EndGlobalSection
	GlobalSection(ProjectConfigurationPlatforms) = postSolution
		{0F8E7C46-8359-4879-A897-00BE1C009D3D}.Debug|Any CPU.ActiveCfg = Debug|Any CPU
		{0F8E7C46-8359-4879-A897-00BE1C009D3D}.Debug|Any CPU.Build.0 = Debug|Any CPU
		{0F8E7C46-8359-4879-A897-00BE1C009D3D}.Release|Any CPU.ActiveCfg = Release|Any CPU
		{0F8E7C46-8359-4879-A897-00BE1C009D3D}.Release|Any CPU.Build.0 = Release|Any CPU
	EndGlobalSection
	GlobalSection(SolutionProperties) = preSolution
		HideSolutionNode = FALSE
	EndGlobalSection
EndGlobal
